
Microsoft Visual Studio Solution File, Format Version 12.00
# Visual Studio Version 16
VisualStudioVersion = 16.0.29806.167
MinimumVisualStudioVersion = 10.0.40219.1
Project("{9A19103F-16F7-4668-BE54-9A1E7A4F7556}") = "TimeToBuy", "TimeToBuy\TimeToBuy.csproj", "{49325897-428C-43CA-AFE8-6B4781BBC64A}"
EndProject
Project("{FAE04EC0-301F-11D3-BF4B-00C04F79EFBC}") = "TimeToBuy.Specs", "TimeToBuy.Specs\TimeToBuy.Specs.csproj", "{81C45392-2956-4FD5-81B6-6F1373C635C0}"
EndProject
Global
	GlobalSection(SolutionConfigurationPlatforms) = preSolution
		Debug|Any CPU = Debug|Any CPU
		Release|Any CPU = Release|Any CPU
	EndGlobalSection
	GlobalSection(ProjectConfigurationPlatforms) = postSolution
		{49325897-428C-43CA-AFE8-6B4781BBC64A}.Debug|Any CPU.ActiveCfg = Debug|Any CPU
		{49325897-428C-43CA-AFE8-6B4781BBC64A}.Debug|Any CPU.Build.0 = Debug|Any CPU
		{49325897-428C-43CA-AFE8-6B4781BBC64A}.Release|Any CPU.ActiveCfg = Release|Any CPU
		{49325897-428C-43CA-AFE8-6B4781BBC64A}.Release|Any CPU.Build.0 = Release|Any CPU
		{81C45392-2956-4FD5-81B6-6F1373C635C0}.Debug|Any CPU.ActiveCfg = Debug|Any CPU
		{81C45392-2956-4FD5-81B6-6F1373C635C0}.Debug|Any CPU.Build.0 = Debug|Any CPU
		{81C45392-2956-4FD5-81B6-6F1373C635C0}.Release|Any CPU.ActiveCfg = Release|Any CPU
		{81C45392-2956-4FD5-81B6-6F1373C635C0}.Release|Any CPU.Build.0 = Release|Any CPU
	EndGlobalSection
	GlobalSection(SolutionProperties) = preSolution
		HideSolutionNode = FALSE
	EndGlobalSection
	GlobalSection(ExtensibilityGlobals) = postSolution
		SolutionGuid = {043A182E-6FE3-4786-942F-CF4E6072B553}
	EndGlobalSection
EndGlobal
